// !$*UTF8*$!
{
	archiveVersion = 1;
	classes = {
	};
	objectVersion = 46;
	objects = {

/* Begin PBXBuildFile section */
		29953A9219EB1CF0006AA1FD /* bignum.c in Sources */ = {isa = PBXBuildFile; fileRef = 29953A9119EB1CF0006AA1FD /* bignum.c */; };
		29953A9419EB1D29006AA1FD /* sexp.c in Sources */ = {isa = PBXBuildFile; fileRef = 29953A9319EB1D29006AA1FD /* sexp.c */; };
		29953A9619EB1DC9006AA1FD /* gc.c in Sources */ = {isa = PBXBuildFile; fileRef = 29953A9519EB1DC9006AA1FD /* gc.c */; };
		29953A9819EB1DF7006AA1FD /* eval.c in Sources */ = {isa = PBXBuildFile; fileRef = 29953A9719EB1DF7006AA1FD /* eval.c */; };
		29953A9A19EB1FF9006AA1FD /* opcodes.c in Sources */ = {isa = PBXBuildFile; fileRef = 29953A9919EB1FF9006AA1FD /* opcodes.c */; };
		29953A9C19EB203E006AA1FD /* simplify.c in Sources */ = {isa = PBXBuildFile; fileRef = 29953A9B19EB203E006AA1FD /* simplify.c */; };
		29A4A7CB19DC88E300188555 /* main.c in Sources */ = {isa = PBXBuildFile; fileRef = 29A4A7CA19DC88E300188555 /* main.c */; };
		29D67C9E19EB07D7004421BC /* vm.c in Sources */ = {isa = PBXBuildFile; fileRef = 29D67C9D19EB07D7004421BC /* vm.c */; };
/* End PBXBuildFile section */

/* Begin PBXCopyFilesBuildPhase section */
		29A4A7C519DC88E300188555 /* CopyFiles */ = {
			isa = PBXCopyFilesBuildPhase;
			buildActionMask = 2147483647;
			dstPath = /usr/share/man/man1/;
			dstSubfolderSpec = 0;
			files = (
			);
			runOnlyForDeploymentPostprocessing = 1;
		};
/* End PBXCopyFilesBuildPhase section */

/* Begin PBXFileReference section */
		29953A9119EB1CF0006AA1FD /* bignum.c */ = {isa = PBXFileReference; fileEncoding = 4; lastKnownFileType = sourcecode.c.c; name = bignum.c; path = "chibi-scheme-0.7/bignum.c"; sourceTree = "<group>"; };
		29953A9319EB1D29006AA1FD /* sexp.c */ = {isa = PBXFileReference; fileEncoding = 4; lastKnownFileType = sourcecode.c.c; name = sexp.c; path = "chibi-scheme-0.7/sexp.c"; sourceTree = "<group>"; };
		29953A9519EB1DC9006AA1FD /* gc.c */ = {isa = PBXFileReference; fileEncoding = 4; lastKnownFileType = sourcecode.c.c; name = gc.c; path = "chibi-scheme-0.7/gc.c"; sourceTree = "<group>"; };
		29953A9719EB1DF7006AA1FD /* eval.c */ = {isa = PBXFileReference; fileEncoding = 4; lastKnownFileType = sourcecode.c.c; name = eval.c; path = "chibi-scheme-0.7/eval.c"; sourceTree = "<group>"; };
		29953A9919EB1FF9006AA1FD /* opcodes.c */ = {isa = PBXFileReference; fileEncoding = 4; lastKnownFileType = sourcecode.c.c; name = opcodes.c; path = "chibi-scheme-0.7/opcodes.c"; sourceTree = "<group>"; };
		29953A9B19EB203E006AA1FD /* simplify.c */ = {isa = PBXFileReference; fileEncoding = 4; lastKnownFileType = sourcecode.c.c; name = simplify.c; path = "chibi-scheme-0.7/simplify.c"; sourceTree = "<group>"; };
		29A4A7C719DC88E300188555 /* ox */ = {isa = PBXFileReference; explicitFileType = "compiled.mach-o.executable"; includeInIndex = 0; path = ox; sourceTree = BUILT_PRODUCTS_DIR; };
		29A4A7CA19DC88E300188555 /* main.c */ = {isa = PBXFileReference; lastKnownFileType = sourcecode.c.c; path = main.c; sourceTree = "<group>"; };
		29A4A7D119DCF3D500188555 /* local.h */ = {isa = PBXFileReference; lastKnownFileType = sourcecode.c.h; path = local.h; sourceTree = "<group>"; };
		29D67C9D19EB07D7004421BC /* vm.c */ = {isa = PBXFileReference; fileEncoding = 4; lastKnownFileType = sourcecode.c.c; name = vm.c; path = "chibi-scheme-0.7/vm.c"; sourceTree = "<group>"; };
		29D67CA119EB082C004421BC /* bignum.h */ = {isa = PBXFileReference; fileEncoding = 4; lastKnownFileType = sourcecode.c.h; path = bignum.h; sourceTree = "<group>"; };
		29D67CA219EB082C004421BC /* eval.h */ = {isa = PBXFileReference; fileEncoding = 4; lastKnownFileType = sourcecode.c.h; path = eval.h; sourceTree = "<group>"; };
		29D67CA319EB082C004421BC /* features.h */ = {isa = PBXFileReference; fileEncoding = 4; lastKnownFileType = sourcecode.c.h; path = features.h; sourceTree = "<group>"; };
		29D67CA419EB082C004421BC /* sexp.h */ = {isa = PBXFileReference; fileEncoding = 4; lastKnownFileType = sourcecode.c.h; path = sexp.h; sourceTree = "<group>"; };
/* End PBXFileReference section */

/* Begin PBXFrameworksBuildPhase section */
		29A4A7C419DC88E300188555 /* Frameworks */ = {
			isa = PBXFrameworksBuildPhase;
			buildActionMask = 2147483647;
			files = (
			);
			runOnlyForDeploymentPostprocessing = 0;
		};
/* End PBXFrameworksBuildPhase section */

/* Begin PBXGroup section */
		29A4A7BE19DC88E300188555 = {
			isa = PBXGroup;
			children = (
				29A4A7C919DC88E300188555 /* ox */,
				29A4A7C819DC88E300188555 /* Products */,
			);
			sourceTree = "<group>";
		};
		29A4A7C819DC88E300188555 /* Products */ = {
			isa = PBXGroup;
			children = (
				29A4A7C719DC88E300188555 /* ox */,
			);
			name = Products;
			sourceTree = "<group>";
		};
		29A4A7C919DC88E300188555 /* ox */ = {
			isa = PBXGroup;
			children = (
				29A4A7D119DCF3D500188555 /* local.h */,
				29A4A7CA19DC88E300188555 /* main.c */,
				29D67C9C19EB065C004421BC /* chibi-scheme-0.7 */,
			);
			path = ox;
			sourceTree = "<group>";
		};
		29D67C9C19EB065C004421BC /* chibi-scheme-0.7 */ = {
			isa = PBXGroup;
			children = (
				29953A9119EB1CF0006AA1FD /* bignum.c */,
				29953A9719EB1DF7006AA1FD /* eval.c */,
				29953A9519EB1DC9006AA1FD /* gc.c */,
				29953A9919EB1FF9006AA1FD /* opcodes.c */,
				29953A9319EB1D29006AA1FD /* sexp.c */,
				29953A9B19EB203E006AA1FD /* simplify.c */,
				29D67C9D19EB07D7004421BC /* vm.c */,
				29D67C9F19EB082C004421BC /* include */,
			);
			name = "chibi-scheme-0.7";
			sourceTree = "<group>";
		};
		29D67C9F19EB082C004421BC /* include */ = {
			isa = PBXGroup;
			children = (
				29D67CA019EB082C004421BC /* chibi */,
			);
			name = include;
			path = "chibi-scheme-0.7/include";
			sourceTree = "<group>";
		};
		29D67CA019EB082C004421BC /* chibi */ = {
			isa = PBXGroup;
			children = (
				29D67CA119EB082C004421BC /* bignum.h */,
				29D67CA219EB082C004421BC /* eval.h */,
				29D67CA319EB082C004421BC /* features.h */,
				29D67CA419EB082C004421BC /* sexp.h */,
			);
			path = chibi;
			sourceTree = "<group>";
		};
/* End PBXGroup section */

/* Begin PBXNativeTarget section */
		29A4A7C619DC88E300188555 /* ox */ = {
			isa = PBXNativeTarget;
			buildConfigurationList = 29A4A7CE19DC88E300188555 /* Build configuration list for PBXNativeTarget "ox" */;
			buildPhases = (
				29A4A7C319DC88E300188555 /* Sources */,
				29A4A7C419DC88E300188555 /* Frameworks */,
				29A4A7C519DC88E300188555 /* CopyFiles */,
			);
			buildRules = (
			);
			dependencies = (
			);
			name = ox;
			productName = ox;
			productReference = 29A4A7C719DC88E300188555 /* ox */;
			productType = "com.apple.product-type.tool";
		};
/* End PBXNativeTarget section */

/* Begin PBXProject section */
		29A4A7BF19DC88E300188555 /* Project object */ = {
			isa = PBXProject;
			attributes = {
				LastUpgradeCheck = 0600;
				ORGANIZATIONNAME = "Michael D Henderson";
				TargetAttributes = {
					29A4A7C619DC88E300188555 = {
						CreatedOnToolsVersion = 6.0;
					};
				};
			};
			buildConfigurationList = 29A4A7C219DC88E300188555 /* Build configuration list for PBXProject "ox" */;
			compatibilityVersion = "Xcode 3.2";
			developmentRegion = English;
			hasScannedForEncodings = 0;
			knownRegions = (
				en,
			);
			mainGroup = 29A4A7BE19DC88E300188555;
			productRefGroup = 29A4A7C819DC88E300188555 /* Products */;
			projectDirPath = "";
			projectRoot = "";
			targets = (
				29A4A7C619DC88E300188555 /* ox */,
			);
		};
/* End PBXProject section */

/* Begin PBXSourcesBuildPhase section */
		29A4A7C319DC88E300188555 /* Sources */ = {
			isa = PBXSourcesBuildPhase;
			buildActionMask = 2147483647;
			files = (
				29953A9C19EB203E006AA1FD /* simplify.c in Sources */,
				29D67C9E19EB07D7004421BC /* vm.c in Sources */,
				29953A9219EB1CF0006AA1FD /* bignum.c in Sources */,
				29953A9619EB1DC9006AA1FD /* gc.c in Sources */,
				29953A9819EB1DF7006AA1FD /* eval.c in Sources */,
				29953A9A19EB1FF9006AA1FD /* opcodes.c in Sources */,
				29A4A7CB19DC88E300188555 /* main.c in Sources */,
				29953A9419EB1D29006AA1FD /* sexp.c in Sources */,
			);
			runOnlyForDeploymentPostprocessing = 0;
		};
/* End PBXSourcesBuildPhase section */

/* Begin XCBuildConfiguration section */
		29A4A7CC19DC88E300188555 /* Debug */ = {
			isa = XCBuildConfiguration;
			buildSettings = {
				ALWAYS_SEARCH_USER_PATHS = NO;
				CLANG_CXX_LANGUAGE_STANDARD = "gnu++0x";
				CLANG_CXX_LIBRARY = "libc++";
				CLANG_ENABLE_MODULES = YES;
				CLANG_ENABLE_OBJC_ARC = YES;
				CLANG_WARN_BOOL_CONVERSION = YES;
				CLANG_WARN_CONSTANT_CONVERSION = YES;
				CLANG_WARN_DIRECT_OBJC_ISA_USAGE = YES_ERROR;
				CLANG_WARN_EMPTY_BODY = YES;
				CLANG_WARN_ENUM_CONVERSION = YES;
				CLANG_WARN_INT_CONVERSION = YES;
				CLANG_WARN_OBJC_ROOT_CLASS = YES_ERROR;
				CLANG_WARN_UNREACHABLE_CODE = YES;
				CLANG_WARN__DUPLICATE_METHOD_MATCH = YES;
				COPY_PHASE_STRIP = NO;
				ENABLE_STRICT_OBJC_MSGSEND = YES;
				GCC_C_LANGUAGE_STANDARD = gnu99;
				GCC_DYNAMIC_NO_PIC = NO;
				GCC_OPTIMIZATION_LEVEL = 0;
				GCC_PREPROCESSOR_DEFINITIONS = (
					"DEBUG=1",
					"$(inherited)",
				);
				GCC_SYMBOLS_PRIVATE_EXTERN = NO;
				GCC_WARN_64_TO_32_BIT_CONVERSION = YES;
				GCC_WARN_ABOUT_RETURN_TYPE = YES_ERROR;
				GCC_WARN_UNDECLARED_SELECTOR = YES;
				GCC_WARN_UNINITIALIZED_AUTOS = YES_AGGRESSIVE;
				GCC_WARN_UNUSED_FUNCTION = YES;
				GCC_WARN_UNUSED_VARIABLE = YES;
				MACOSX_DEPLOYMENT_TARGET = 10.9;
				MTL_ENABLE_DEBUG_INFO = YES;
				ONLY_ACTIVE_ARCH = YES;
				SDKROOT = macosx;
			};
			name = Debug;
		};
		29A4A7CD19DC88E300188555 /* Release */ = {
			isa = XCBuildConfiguration;
			buildSettings = {
				ALWAYS_SEARCH_USER_PATHS = NO;
				CLANG_CXX_LANGUAGE_STANDARD = "gnu++0x";
				CLANG_CXX_LIBRARY = "libc++";
				CLANG_ENABLE_MODULES = YES;
				CLANG_ENABLE_OBJC_ARC = YES;
				CLANG_WARN_BOOL_CONVERSION = YES;
				CLANG_WARN_CONSTANT_CONVERSION = YES;
				CLANG_WARN_DIRECT_OBJC_ISA_USAGE = YES_ERROR;
				CLANG_WARN_EMPTY_BODY = YES;
				CLANG_WARN_ENUM_CONVERSION = YES;
				CLANG_WARN_INT_CONVERSION = YES;
				CLANG_WARN_OBJC_ROOT_CLASS = YES_ERROR;
				CLANG_WARN_UNREACHABLE_CODE = YES;
				CLANG_WARN__DUPLICATE_METHOD_MATCH = YES;
				COPY_PHASE_STRIP = YES;
				DEBUG_INFORMATION_FORMAT = "dwarf-with-dsym";
				ENABLE_NS_ASSERTIONS = NO;
				ENABLE_STRICT_OBJC_MSGSEND = YES;
				GCC_C_LANGUAGE_STANDARD = gnu99;
				GCC_WARN_64_TO_32_BIT_CONVERSION = YES;
				GCC_WARN_ABOUT_RETURN_TYPE = YES_ERROR;
				GCC_WARN_UNDECLARED_SELECTOR = YES;
				GCC_WARN_UNINITIALIZED_AUTOS = YES_AGGRESSIVE;
				GCC_WARN_UNUSED_FUNCTION = YES;
				GCC_WARN_UNUSED_VARIABLE = YES;
				MACOSX_DEPLOYMENT_TARGET = 10.9;
				MTL_ENABLE_DEBUG_INFO = NO;
				SDKROOT = macosx;
			};
			name = Release;
		};
		29A4A7CF19DC88E300188555 /* Debug */ = {
			isa = XCBuildConfiguration;
			buildSettings = {
				PRODUCT_NAME = "$(TARGET_NAME)";
			};
			name = Debug;
		};
		29A4A7D019DC88E300188555 /* Release */ = {
			isa = XCBuildConfiguration;
			buildSettings = {
				PRODUCT_NAME = "$(TARGET_NAME)";
			};
			name = Release;
		};
/* End XCBuildConfiguration section */

/* Begin XCConfigurationList section */
		29A4A7C219DC88E300188555 /* Build configuration list for PBXProject "ox" */ = {
			isa = XCConfigurationList;
			buildConfigurations = (
				29A4A7CC19DC88E300188555 /* Debug */,
				29A4A7CD19DC88E300188555 /* Release */,
			);
			defaultConfigurationIsVisible = 0;
			defaultConfigurationName = Release;
		};
		29A4A7CE19DC88E300188555 /* Build configuration list for PBXNativeTarget "ox" */ = {
			isa = XCConfigurationList;
			buildConfigurations = (
				29A4A7CF19DC88E300188555 /* Debug */,
				29A4A7D019DC88E300188555 /* Release */,
			);
			defaultConfigurationIsVisible = 0;
			defaultConfigurationName = Release;
		};
/* End XCConfigurationList section */
	};
	rootObject = 29A4A7BF19DC88E300188555 /* Project object */;
}
