// !$*UTF8*$!
{
	archiveVersion = 1;
	classes = {
	};
	objectVersion = 46;
	objects = {

/* Begin PBXBuildFile section */
		298AF7AC19DF7D5F00128497 /* oxparser.c in Sources */ = {isa = PBXBuildFile; fileRef = 298AF7AA19DF7D5F00128497 /* oxparser.c */; };
		29A4A7CB19DC88E300188555 /* main.c in Sources */ = {isa = PBXBuildFile; fileRef = 29A4A7CA19DC88E300188555 /* main.c */; };
		29A4A7DB19DDABB800188555 /* oxbuf.c in Sources */ = {isa = PBXBuildFile; fileRef = 29A4A7D919DDABB800188555 /* oxbuf.c */; };
		29C1515A19E2996300D25CA6 /* oxalloc.c in Sources */ = {isa = PBXBuildFile; fileRef = 29C1515819E2996300D25CA6 /* oxalloc.c */; };
		29C1515D19E29AD300D25CA6 /* oxutil.c in Sources */ = {isa = PBXBuildFile; fileRef = 29C1515B19E29AD300D25CA6 /* oxutil.c */; };
		29C1516019E29CD100D25CA6 /* oxprim.c in Sources */ = {isa = PBXBuildFile; fileRef = 29C1515E19E29CD100D25CA6 /* oxprim.c */; };
		29C1516319E29DC200D25CA6 /* oxeval.c in Sources */ = {isa = PBXBuildFile; fileRef = 29C1516119E29DC200D25CA6 /* oxeval.c */; };
		29C1516619E29FE300D25CA6 /* oxprint.c in Sources */ = {isa = PBXBuildFile; fileRef = 29C1516419E29FE300D25CA6 /* oxprint.c */; };
		29C1516919E2A05900D25CA6 /* oxinit.c in Sources */ = {isa = PBXBuildFile; fileRef = 29C1516719E2A05900D25CA6 /* oxinit.c */; };
		29E873AE19DDAE240098447B /* oxval.c in Sources */ = {isa = PBXBuildFile; fileRef = 29E873AC19DDAE240098447B /* oxval.c */; };
		29E873B119DDB5760098447B /* oxdeq.c in Sources */ = {isa = PBXBuildFile; fileRef = 29E873AF19DDB5760098447B /* oxdeq.c */; };
		29E873B419DDDE380098447B /* oxchunk.c in Sources */ = {isa = PBXBuildFile; fileRef = 29E873B219DDDE380098447B /* oxchunk.c */; };
		29E873B719DF42AC0098447B /* oxtype.c in Sources */ = {isa = PBXBuildFile; fileRef = 29E873B519DF42AC0098447B /* oxtype.c */; };
/* End PBXBuildFile section */

/* Begin PBXCopyFilesBuildPhase section */
		29A4A7C519DC88E300188555 /* CopyFiles */ = {
			isa = PBXCopyFilesBuildPhase;
			buildActionMask = 2147483647;
			dstPath = /usr/share/man/man1/;
			dstSubfolderSpec = 0;
			files = (
			);
			runOnlyForDeploymentPostprocessing = 1;
		};
/* End PBXCopyFilesBuildPhase section */

/* Begin PBXFileReference section */
		298AF7AA19DF7D5F00128497 /* oxparser.c */ = {isa = PBXFileReference; fileEncoding = 4; lastKnownFileType = sourcecode.c.c; path = oxparser.c; sourceTree = "<group>"; };
		298AF7AB19DF7D5F00128497 /* oxparser.h */ = {isa = PBXFileReference; fileEncoding = 4; lastKnownFileType = sourcecode.c.h; path = oxparser.h; sourceTree = "<group>"; };
		29A4A7C719DC88E300188555 /* ox */ = {isa = PBXFileReference; explicitFileType = "compiled.mach-o.executable"; includeInIndex = 0; path = ox; sourceTree = BUILT_PRODUCTS_DIR; };
		29A4A7CA19DC88E300188555 /* main.c */ = {isa = PBXFileReference; lastKnownFileType = sourcecode.c.c; path = main.c; sourceTree = "<group>"; };
		29A4A7D119DCF3D500188555 /* local.h */ = {isa = PBXFileReference; lastKnownFileType = sourcecode.c.h; path = local.h; sourceTree = "<group>"; };
		29A4A7D919DDABB800188555 /* oxbuf.c */ = {isa = PBXFileReference; fileEncoding = 4; lastKnownFileType = sourcecode.c.c; path = oxbuf.c; sourceTree = "<group>"; };
		29A4A7DA19DDABB800188555 /* oxbuf.h */ = {isa = PBXFileReference; fileEncoding = 4; lastKnownFileType = sourcecode.c.h; path = oxbuf.h; sourceTree = "<group>"; };
		29C1515819E2996300D25CA6 /* oxalloc.c */ = {isa = PBXFileReference; fileEncoding = 4; lastKnownFileType = sourcecode.c.c; path = oxalloc.c; sourceTree = "<group>"; };
		29C1515919E2996300D25CA6 /* oxalloc.h */ = {isa = PBXFileReference; fileEncoding = 4; lastKnownFileType = sourcecode.c.h; path = oxalloc.h; sourceTree = "<group>"; };
		29C1515B19E29AD300D25CA6 /* oxutil.c */ = {isa = PBXFileReference; fileEncoding = 4; lastKnownFileType = sourcecode.c.c; path = oxutil.c; sourceTree = "<group>"; };
		29C1515C19E29AD300D25CA6 /* oxutil.h */ = {isa = PBXFileReference; fileEncoding = 4; lastKnownFileType = sourcecode.c.h; path = oxutil.h; sourceTree = "<group>"; };
		29C1515E19E29CD100D25CA6 /* oxprim.c */ = {isa = PBXFileReference; fileEncoding = 4; lastKnownFileType = sourcecode.c.c; path = oxprim.c; sourceTree = "<group>"; };
		29C1515F19E29CD100D25CA6 /* oxprim.h */ = {isa = PBXFileReference; fileEncoding = 4; lastKnownFileType = sourcecode.c.h; path = oxprim.h; sourceTree = "<group>"; };
		29C1516119E29DC200D25CA6 /* oxeval.c */ = {isa = PBXFileReference; fileEncoding = 4; lastKnownFileType = sourcecode.c.c; path = oxeval.c; sourceTree = "<group>"; };
		29C1516219E29DC200D25CA6 /* oxeval.h */ = {isa = PBXFileReference; fileEncoding = 4; lastKnownFileType = sourcecode.c.h; path = oxeval.h; sourceTree = "<group>"; };
		29C1516419E29FE300D25CA6 /* oxprint.c */ = {isa = PBXFileReference; fileEncoding = 4; lastKnownFileType = sourcecode.c.c; path = oxprint.c; sourceTree = "<group>"; };
		29C1516519E29FE300D25CA6 /* oxprint.h */ = {isa = PBXFileReference; fileEncoding = 4; lastKnownFileType = sourcecode.c.h; path = oxprint.h; sourceTree = "<group>"; };
		29C1516719E2A05900D25CA6 /* oxinit.c */ = {isa = PBXFileReference; fileEncoding = 4; lastKnownFileType = sourcecode.c.c; path = oxinit.c; sourceTree = "<group>"; };
		29C1516819E2A05900D25CA6 /* oxinit.h */ = {isa = PBXFileReference; fileEncoding = 4; lastKnownFileType = sourcecode.c.h; path = oxinit.h; sourceTree = "<group>"; };
		29E873AC19DDAE240098447B /* oxval.c */ = {isa = PBXFileReference; fileEncoding = 4; lastKnownFileType = sourcecode.c.c; path = oxval.c; sourceTree = "<group>"; };
		29E873AD19DDAE240098447B /* oxval.h */ = {isa = PBXFileReference; fileEncoding = 4; lastKnownFileType = sourcecode.c.h; path = oxval.h; sourceTree = "<group>"; };
		29E873AF19DDB5760098447B /* oxdeq.c */ = {isa = PBXFileReference; fileEncoding = 4; lastKnownFileType = sourcecode.c.c; path = oxdeq.c; sourceTree = "<group>"; };
		29E873B019DDB5760098447B /* oxdeq.h */ = {isa = PBXFileReference; fileEncoding = 4; lastKnownFileType = sourcecode.c.h; path = oxdeq.h; sourceTree = "<group>"; };
		29E873B219DDDE380098447B /* oxchunk.c */ = {isa = PBXFileReference; fileEncoding = 4; lastKnownFileType = sourcecode.c.c; path = oxchunk.c; sourceTree = "<group>"; };
		29E873B319DDDE380098447B /* oxchunk.h */ = {isa = PBXFileReference; fileEncoding = 4; lastKnownFileType = sourcecode.c.h; path = oxchunk.h; sourceTree = "<group>"; };
		29E873B519DF42AC0098447B /* oxtype.c */ = {isa = PBXFileReference; fileEncoding = 4; lastKnownFileType = sourcecode.c.c; path = oxtype.c; sourceTree = "<group>"; };
		29E873B619DF42AC0098447B /* oxtype.h */ = {isa = PBXFileReference; fileEncoding = 4; lastKnownFileType = sourcecode.c.h; path = oxtype.h; sourceTree = "<group>"; };
/* End PBXFileReference section */

/* Begin PBXFrameworksBuildPhase section */
		29A4A7C419DC88E300188555 /* Frameworks */ = {
			isa = PBXFrameworksBuildPhase;
			buildActionMask = 2147483647;
			files = (
			);
			runOnlyForDeploymentPostprocessing = 0;
		};
/* End PBXFrameworksBuildPhase section */

/* Begin PBXGroup section */
		29A4A7BE19DC88E300188555 = {
			isa = PBXGroup;
			children = (
				29A4A7C919DC88E300188555 /* ox */,
				29A4A7C819DC88E300188555 /* Products */,
			);
			sourceTree = "<group>";
		};
		29A4A7C819DC88E300188555 /* Products */ = {
			isa = PBXGroup;
			children = (
				29A4A7C719DC88E300188555 /* ox */,
			);
			name = Products;
			sourceTree = "<group>";
		};
		29A4A7C919DC88E300188555 /* ox */ = {
			isa = PBXGroup;
			children = (
				29A4A7D119DCF3D500188555 /* local.h */,
				29A4A7CA19DC88E300188555 /* main.c */,
				29C1515819E2996300D25CA6 /* oxalloc.c */,
				29C1515919E2996300D25CA6 /* oxalloc.h */,
				29A4A7D919DDABB800188555 /* oxbuf.c */,
				29A4A7DA19DDABB800188555 /* oxbuf.h */,
				29E873B219DDDE380098447B /* oxchunk.c */,
				29E873B319DDDE380098447B /* oxchunk.h */,
				29E873AF19DDB5760098447B /* oxdeq.c */,
				29E873B019DDB5760098447B /* oxdeq.h */,
				29C1516119E29DC200D25CA6 /* oxeval.c */,
				29C1516219E29DC200D25CA6 /* oxeval.h */,
				29C1516719E2A05900D25CA6 /* oxinit.c */,
				29C1516819E2A05900D25CA6 /* oxinit.h */,
				298AF7AA19DF7D5F00128497 /* oxparser.c */,
				298AF7AB19DF7D5F00128497 /* oxparser.h */,
				29C1515E19E29CD100D25CA6 /* oxprim.c */,
				29C1515F19E29CD100D25CA6 /* oxprim.h */,
				29C1516419E29FE300D25CA6 /* oxprint.c */,
				29C1516519E29FE300D25CA6 /* oxprint.h */,
				29E873B519DF42AC0098447B /* oxtype.c */,
				29E873B619DF42AC0098447B /* oxtype.h */,
				29C1515B19E29AD300D25CA6 /* oxutil.c */,
				29C1515C19E29AD300D25CA6 /* oxutil.h */,
				29E873AC19DDAE240098447B /* oxval.c */,
				29E873AD19DDAE240098447B /* oxval.h */,
			);
			path = ox;
			sourceTree = "<group>";
		};
/* End PBXGroup section */

/* Begin PBXNativeTarget section */
		29A4A7C619DC88E300188555 /* ox */ = {
			isa = PBXNativeTarget;
			buildConfigurationList = 29A4A7CE19DC88E300188555 /* Build configuration list for PBXNativeTarget "ox" */;
			buildPhases = (
				29A4A7C319DC88E300188555 /* Sources */,
				29A4A7C419DC88E300188555 /* Frameworks */,
				29A4A7C519DC88E300188555 /* CopyFiles */,
			);
			buildRules = (
			);
			dependencies = (
			);
			name = ox;
			productName = ox;
			productReference = 29A4A7C719DC88E300188555 /* ox */;
			productType = "com.apple.product-type.tool";
		};
/* End PBXNativeTarget section */

/* Begin PBXProject section */
		29A4A7BF19DC88E300188555 /* Project object */ = {
			isa = PBXProject;
			attributes = {
				LastUpgradeCheck = 0600;
				ORGANIZATIONNAME = "Michael D Henderson";
				TargetAttributes = {
					29A4A7C619DC88E300188555 = {
						CreatedOnToolsVersion = 6.0;
					};
				};
			};
			buildConfigurationList = 29A4A7C219DC88E300188555 /* Build configuration list for PBXProject "ox" */;
			compatibilityVersion = "Xcode 3.2";
			developmentRegion = English;
			hasScannedForEncodings = 0;
			knownRegions = (
				en,
			);
			mainGroup = 29A4A7BE19DC88E300188555;
			productRefGroup = 29A4A7C819DC88E300188555 /* Products */;
			projectDirPath = "";
			projectRoot = "";
			targets = (
				29A4A7C619DC88E300188555 /* ox */,
			);
		};
/* End PBXProject section */

/* Begin PBXSourcesBuildPhase section */
		29A4A7C319DC88E300188555 /* Sources */ = {
			isa = PBXSourcesBuildPhase;
			buildActionMask = 2147483647;
			files = (
				29E873B119DDB5760098447B /* oxdeq.c in Sources */,
				29A4A7DB19DDABB800188555 /* oxbuf.c in Sources */,
				29C1516019E29CD100D25CA6 /* oxprim.c in Sources */,
				29C1516919E2A05900D25CA6 /* oxinit.c in Sources */,
				29A4A7CB19DC88E300188555 /* main.c in Sources */,
				29E873B419DDDE380098447B /* oxchunk.c in Sources */,
				29C1516319E29DC200D25CA6 /* oxeval.c in Sources */,
				29C1515A19E2996300D25CA6 /* oxalloc.c in Sources */,
				29E873B719DF42AC0098447B /* oxtype.c in Sources */,
				29E873AE19DDAE240098447B /* oxval.c in Sources */,
				298AF7AC19DF7D5F00128497 /* oxparser.c in Sources */,
				29C1516619E29FE300D25CA6 /* oxprint.c in Sources */,
				29C1515D19E29AD300D25CA6 /* oxutil.c in Sources */,
			);
			runOnlyForDeploymentPostprocessing = 0;
		};
/* End PBXSourcesBuildPhase section */

/* Begin XCBuildConfiguration section */
		29A4A7CC19DC88E300188555 /* Debug */ = {
			isa = XCBuildConfiguration;
			buildSettings = {
				ALWAYS_SEARCH_USER_PATHS = NO;
				CLANG_CXX_LANGUAGE_STANDARD = "gnu++0x";
				CLANG_CXX_LIBRARY = "libc++";
				CLANG_ENABLE_MODULES = YES;
				CLANG_ENABLE_OBJC_ARC = YES;
				CLANG_WARN_BOOL_CONVERSION = YES;
				CLANG_WARN_CONSTANT_CONVERSION = YES;
				CLANG_WARN_DIRECT_OBJC_ISA_USAGE = YES_ERROR;
				CLANG_WARN_EMPTY_BODY = YES;
				CLANG_WARN_ENUM_CONVERSION = YES;
				CLANG_WARN_INT_CONVERSION = YES;
				CLANG_WARN_OBJC_ROOT_CLASS = YES_ERROR;
				CLANG_WARN_UNREACHABLE_CODE = YES;
				CLANG_WARN__DUPLICATE_METHOD_MATCH = YES;
				COPY_PHASE_STRIP = NO;
				ENABLE_STRICT_OBJC_MSGSEND = YES;
				GCC_C_LANGUAGE_STANDARD = gnu99;
				GCC_DYNAMIC_NO_PIC = NO;
				GCC_OPTIMIZATION_LEVEL = 0;
				GCC_PREPROCESSOR_DEFINITIONS = (
					"DEBUG=1",
					"$(inherited)",
				);
				GCC_SYMBOLS_PRIVATE_EXTERN = NO;
				GCC_WARN_64_TO_32_BIT_CONVERSION = YES;
				GCC_WARN_ABOUT_RETURN_TYPE = YES_ERROR;
				GCC_WARN_UNDECLARED_SELECTOR = YES;
				GCC_WARN_UNINITIALIZED_AUTOS = YES_AGGRESSIVE;
				GCC_WARN_UNUSED_FUNCTION = YES;
				GCC_WARN_UNUSED_VARIABLE = YES;
				MACOSX_DEPLOYMENT_TARGET = 10.9;
				MTL_ENABLE_DEBUG_INFO = YES;
				ONLY_ACTIVE_ARCH = YES;
				SDKROOT = macosx;
			};
			name = Debug;
		};
		29A4A7CD19DC88E300188555 /* Release */ = {
			isa = XCBuildConfiguration;
			buildSettings = {
				ALWAYS_SEARCH_USER_PATHS = NO;
				CLANG_CXX_LANGUAGE_STANDARD = "gnu++0x";
				CLANG_CXX_LIBRARY = "libc++";
				CLANG_ENABLE_MODULES = YES;
				CLANG_ENABLE_OBJC_ARC = YES;
				CLANG_WARN_BOOL_CONVERSION = YES;
				CLANG_WARN_CONSTANT_CONVERSION = YES;
				CLANG_WARN_DIRECT_OBJC_ISA_USAGE = YES_ERROR;
				CLANG_WARN_EMPTY_BODY = YES;
				CLANG_WARN_ENUM_CONVERSION = YES;
				CLANG_WARN_INT_CONVERSION = YES;
				CLANG_WARN_OBJC_ROOT_CLASS = YES_ERROR;
				CLANG_WARN_UNREACHABLE_CODE = YES;
				CLANG_WARN__DUPLICATE_METHOD_MATCH = YES;
				COPY_PHASE_STRIP = YES;
				DEBUG_INFORMATION_FORMAT = "dwarf-with-dsym";
				ENABLE_NS_ASSERTIONS = NO;
				ENABLE_STRICT_OBJC_MSGSEND = YES;
				GCC_C_LANGUAGE_STANDARD = gnu99;
				GCC_WARN_64_TO_32_BIT_CONVERSION = YES;
				GCC_WARN_ABOUT_RETURN_TYPE = YES_ERROR;
				GCC_WARN_UNDECLARED_SELECTOR = YES;
				GCC_WARN_UNINITIALIZED_AUTOS = YES_AGGRESSIVE;
				GCC_WARN_UNUSED_FUNCTION = YES;
				GCC_WARN_UNUSED_VARIABLE = YES;
				MACOSX_DEPLOYMENT_TARGET = 10.9;
				MTL_ENABLE_DEBUG_INFO = NO;
				SDKROOT = macosx;
			};
			name = Release;
		};
		29A4A7CF19DC88E300188555 /* Debug */ = {
			isa = XCBuildConfiguration;
			buildSettings = {
				PRODUCT_NAME = "$(TARGET_NAME)";
			};
			name = Debug;
		};
		29A4A7D019DC88E300188555 /* Release */ = {
			isa = XCBuildConfiguration;
			buildSettings = {
				PRODUCT_NAME = "$(TARGET_NAME)";
			};
			name = Release;
		};
/* End XCBuildConfiguration section */

/* Begin XCConfigurationList section */
		29A4A7C219DC88E300188555 /* Build configuration list for PBXProject "ox" */ = {
			isa = XCConfigurationList;
			buildConfigurations = (
				29A4A7CC19DC88E300188555 /* Debug */,
				29A4A7CD19DC88E300188555 /* Release */,
			);
			defaultConfigurationIsVisible = 0;
			defaultConfigurationName = Release;
		};
		29A4A7CE19DC88E300188555 /* Build configuration list for PBXNativeTarget "ox" */ = {
			isa = XCConfigurationList;
			buildConfigurations = (
				29A4A7CF19DC88E300188555 /* Debug */,
				29A4A7D019DC88E300188555 /* Release */,
			);
			defaultConfigurationIsVisible = 0;
			defaultConfigurationName = Release;
		};
/* End XCConfigurationList section */
	};
	rootObject = 29A4A7BF19DC88E300188555 /* Project object */;
}
